
Microsoft Visual Studio Solution File, Format Version 12.00
# Visual Studio Version 17
VisualStudioVersion = 17.2.32630.192
MinimumVisualStudioVersion = 10.0.40219.1
Project("{9A19103F-16F7-4668-BE54-9A1E7A4F7556}") = "AmazonTests", "SeleniumWebdriverProject\AmazonTests.csproj", "{20B038F9-B8A7-4088-8555-E32B7377DFB6}"
EndProject
Global
	GlobalSection(SolutionConfigurationPlatforms) = preSolution
		Debug|Any CPU = Debug|Any CPU
		Release|Any CPU = Release|Any CPU
	EndGlobalSection
	GlobalSection(ProjectConfigurationPlatforms) = postSolution
		{20B038F9-B8A7-4088-8555-E32B7377DFB6}.Debug|Any CPU.ActiveCfg = Debug|Any CPU
		{20B038F9-B8A7-4088-8555-E32B7377DFB6}.Debug|Any CPU.Build.0 = Debug|Any CPU
		{20B038F9-B8A7-4088-8555-E32B7377DFB6}.Release|Any CPU.ActiveCfg = Release|Any CPU
		{20B038F9-B8A7-4088-8555-E32B7377DFB6}.Release|Any CPU.Build.0 = Release|Any CPU
	EndGlobalSection
	GlobalSection(SolutionProperties) = preSolution
		HideSolutionNode = FALSE
	EndGlobalSection
	GlobalSection(ExtensibilityGlobals) = postSolution
		SolutionGuid = {190E10C4-B7E0-4ECC-A36A-C01A38E5C1B7}
	EndGlobalSection
EndGlobal
